
Microsoft Visual Studio Solution File, Format Version 12.00
# Visual Studio Version 17
VisualStudioVersion = 17.0.32126.317
MinimumVisualStudioVersion = 10.0.40219.1
Project("{FAE04EC0-301F-11D3-BF4B-00C04F79EFBC}") = "MongoDBDataAccess", "MongoDBDataAccess\MongoDBDataAccess.csproj", "{09BCCFA5-1C6B-468D-8292-0E0BEB191EFE}"
EndProject
Project("{FAE04EC0-301F-11D3-BF4B-00C04F79EFBC}") = "MongoDBDemo", "teste\MongoDBDemo.csproj", "{3FEB6083-5B4F-45AF-8AFC-3699C22F3D6A}"
EndProject
Global
	GlobalSection(SolutionConfigurationPlatforms) = preSolution
		Debug|Any CPU = Debug|Any CPU
		Release|Any CPU = Release|Any CPU
	EndGlobalSection
	GlobalSection(ProjectConfigurationPlatforms) = postSolution
		{09BCCFA5-1C6B-468D-8292-0E0BEB191EFE}.Debug|Any CPU.ActiveCfg = Debug|Any CPU
		{09BCCFA5-1C6B-468D-8292-0E0BEB191EFE}.Debug|Any CPU.Build.0 = Debug|Any CPU
		{09BCCFA5-1C6B-468D-8292-0E0BEB191EFE}.Release|Any CPU.ActiveCfg = Release|Any CPU
		{09BCCFA5-1C6B-468D-8292-0E0BEB191EFE}.Release|Any CPU.Build.0 = Release|Any CPU
		{3FEB6083-5B4F-45AF-8AFC-3699C22F3D6A}.Debug|Any CPU.ActiveCfg = Debug|Any CPU
		{3FEB6083-5B4F-45AF-8AFC-3699C22F3D6A}.Debug|Any CPU.Build.0 = Debug|Any CPU
		{3FEB6083-5B4F-45AF-8AFC-3699C22F3D6A}.Release|Any CPU.ActiveCfg = Release|Any CPU
		{3FEB6083-5B4F-45AF-8AFC-3699C22F3D6A}.Release|Any CPU.Build.0 = Release|Any CPU
	EndGlobalSection
	GlobalSection(SolutionProperties) = preSolution
		HideSolutionNode = FALSE
	EndGlobalSection
	GlobalSection(ExtensibilityGlobals) = postSolution
		SolutionGuid = {827B73AD-9F05-41F6-BEDC-5549D394A26F}
	EndGlobalSection
EndGlobal
